schema: '2.0'
stages:
  test-dvclive:
    cmd: python train.py
    params:
      params.yaml:
        epochs: 6
    outs:
    - path: dvclive/metrics.json
      hash: md5
      md5: 9674e99a6229c9e93a63e5ba7ad43d8d
      size: 77
    - path: dvclive/plots
      hash: md5
      md5: 3c7a1ce758bc07057c1d69deaaec0dbb.dir
      size: 263
      nfiles: 2
